
Microsoft Visual Studio Solution File, Format Version 12.00
# Visual Studio Version 16
VisualStudioVersion = 16.0.31911.196
MinimumVisualStudioVersion = 10.0.40219.1
Project("{9A19103F-16F7-4668-BE54-9A1E7A4F7556}") = "MarcinHoffmannLab4", "MarcinHoffmannLab4\MarcinHoffmannLab4.csproj", "{3615A0EC-E017-4D28-BE72-34C63860D119}"
EndProject
Global
	GlobalSection(SolutionConfigurationPlatforms) = preSolution
		Debug|Any CPU = Debug|Any CPU
		Release|Any CPU = Release|Any CPU
	EndGlobalSection
	GlobalSection(ProjectConfigurationPlatforms) = postSolution
		{3615A0EC-E017-4D28-BE72-34C63860D119}.Debug|Any CPU.ActiveCfg = Debug|Any CPU
		{3615A0EC-E017-4D28-BE72-34C63860D119}.Debug|Any CPU.Build.0 = Debug|Any CPU
		{3615A0EC-E017-4D28-BE72-34C63860D119}.Release|Any CPU.ActiveCfg = Debug|Any CPU
		{3615A0EC-E017-4D28-BE72-34C63860D119}.Release|Any CPU.Build.0 = Debug|Any CPU
	EndGlobalSection
	GlobalSection(SolutionProperties) = preSolution
		HideSolutionNode = FALSE
	EndGlobalSection
	GlobalSection(ExtensibilityGlobals) = postSolution
		SolutionGuid = {2799FDAD-F207-4F3B-B2BA-B8FC4FEB6205}
	EndGlobalSection
EndGlobal
